// !$*UTF8*$!
{
	archiveVersion = 1;
	classes = {
	};
	objectVersion = 50;
	objects = {

/* Begin PBXBuildFile section */
		24486EE925E4A8AA00BFCD48 /* AppDelegate.swift in Sources */ = {isa = PBXBuildFile; fileRef = 24486EE825E4A8AA00BFCD48 /* AppDelegate.swift */; };
		24486EEB25E4A8AA00BFCD48 /* SceneDelegate.swift in Sources */ = {isa = PBXBuildFile; fileRef = 24486EEA25E4A8AA00BFCD48 /* SceneDelegate.swift */; };
		24486EF025E4A8AA00BFCD48 /* Main.storyboard in Resources */ = {isa = PBXBuildFile; fileRef = 24486EEE25E4A8AA00BFCD48 /* Main.storyboard */; };
		24486EF225E4A8AD00BFCD48 /* Assets.xcassets in Resources */ = {isa = PBXBuildFile; fileRef = 24486EF125E4A8AD00BFCD48 /* Assets.xcassets */; };
		24486EF525E4A8AD00BFCD48 /* LaunchScreen.storyboard in Resources */ = {isa = PBXBuildFile; fileRef = 24486EF325E4A8AD00BFCD48 /* LaunchScreen.storyboard */; };
		24486F0125E4ACE000BFCD48 /* NewsListViewController.swift in Sources */ = {isa = PBXBuildFile; fileRef = 24486F0025E4ACE000BFCD48 /* NewsListViewController.swift */; };
		24486F0825E4B71100BFCD48 /* WebService.swift in Sources */ = {isa = PBXBuildFile; fileRef = 24486F0725E4B71100BFCD48 /* WebService.swift */; };
		24486F0C25E4C07200BFCD48 /* Article.swift in Sources */ = {isa = PBXBuildFile; fileRef = 24486F0B25E4C07200BFCD48 /* Article.swift */; };
/* End PBXBuildFile section */

/* Begin PBXFileReference section */
		24486EE525E4A8AA00BFCD48 /* NewsAppMVVM.app */ = {isa = PBXFileReference; explicitFileType = wrapper.application; includeInIndex = 0; path = NewsAppMVVM.app; sourceTree = BUILT_PRODUCTS_DIR; };
		24486EE825E4A8AA00BFCD48 /* AppDelegate.swift */ = {isa = PBXFileReference; lastKnownFileType = sourcecode.swift; path = AppDelegate.swift; sourceTree = "<group>"; };
		24486EEA25E4A8AA00BFCD48 /* SceneDelegate.swift */ = {isa = PBXFileReference; lastKnownFileType = sourcecode.swift; path = SceneDelegate.swift; sourceTree = "<group>"; };
		24486EEF25E4A8AA00BFCD48 /* Base */ = {isa = PBXFileReference; lastKnownFileType = file.storyboard; name = Base; path = Base.lproj/Main.storyboard; sourceTree = "<group>"; };
		24486EF125E4A8AD00BFCD48 /* Assets.xcassets */ = {isa = PBXFileReference; lastKnownFileType = folder.assetcatalog; path = Assets.xcassets; sourceTree = "<group>"; };
		24486EF425E4A8AD00BFCD48 /* Base */ = {isa = PBXFileReference; lastKnownFileType = file.storyboard; name = Base; path = Base.lproj/LaunchScreen.storyboard; sourceTree = "<group>"; };
		24486EF625E4A8AD00BFCD48 /* Info.plist */ = {isa = PBXFileReference; lastKnownFileType = text.plist.xml; path = Info.plist; sourceTree = "<group>"; };
		24486F0025E4ACE000BFCD48 /* NewsListViewController.swift */ = {isa = PBXFileReference; lastKnownFileType = sourcecode.swift; path = NewsListViewController.swift; sourceTree = "<group>"; };
		24486F0725E4B71100BFCD48 /* WebService.swift */ = {isa = PBXFileReference; lastKnownFileType = sourcecode.swift; path = WebService.swift; sourceTree = "<group>"; };
		24486F0B25E4C07200BFCD48 /* Article.swift */ = {isa = PBXFileReference; lastKnownFileType = sourcecode.swift; path = Article.swift; sourceTree = "<group>"; };
/* End PBXFileReference section */

/* Begin PBXFrameworksBuildPhase section */
		24486EE225E4A8AA00BFCD48 /* Frameworks */ = {
			isa = PBXFrameworksBuildPhase;
			buildActionMask = 2147483647;
			files = (
			);
			runOnlyForDeploymentPostprocessing = 0;
		};
/* End PBXFrameworksBuildPhase section */

/* Begin PBXGroup section */
		24486EDC25E4A8AA00BFCD48 = {
			isa = PBXGroup;
			children = (
				24486EE725E4A8AA00BFCD48 /* NewsAppMVVM */,
				24486EE625E4A8AA00BFCD48 /* Products */,
			);
			sourceTree = "<group>";
		};
		24486EE625E4A8AA00BFCD48 /* Products */ = {
			isa = PBXGroup;
			children = (
				24486EE525E4A8AA00BFCD48 /* NewsAppMVVM.app */,
			);
			name = Products;
			sourceTree = "<group>";
		};
		24486EE725E4A8AA00BFCD48 /* NewsAppMVVM */ = {
			isa = PBXGroup;
			children = (
				24486F0A25E4C05B00BFCD48 /* Model */,
				24486F0625E4B70000BFCD48 /* Services */,
				24486EFE25E4ACAA00BFCD48 /* Controller */,
				24486EE825E4A8AA00BFCD48 /* AppDelegate.swift */,
				24486EEA25E4A8AA00BFCD48 /* SceneDelegate.swift */,
				24486EEE25E4A8AA00BFCD48 /* Main.storyboard */,
				24486EF125E4A8AD00BFCD48 /* Assets.xcassets */,
				24486EF325E4A8AD00BFCD48 /* LaunchScreen.storyboard */,
				24486EF625E4A8AD00BFCD48 /* Info.plist */,
			);
			path = NewsAppMVVM;
			sourceTree = "<group>";
		};
		24486EFE25E4ACAA00BFCD48 /* Controller */ = {
			isa = PBXGroup;
			children = (
				24486F0025E4ACE000BFCD48 /* NewsListViewController.swift */,
			);
			path = Controller;
			sourceTree = "<group>";
		};
		24486F0625E4B70000BFCD48 /* Services */ = {
			isa = PBXGroup;
			children = (
				24486F0725E4B71100BFCD48 /* WebService.swift */,
			);
			path = Services;
			sourceTree = "<group>";
		};
		24486F0A25E4C05B00BFCD48 /* Model */ = {
			isa = PBXGroup;
			children = (
				24486F0B25E4C07200BFCD48 /* Article.swift */,
			);
			path = Model;
			sourceTree = "<group>";
		};
/* End PBXGroup section */

/* Begin PBXNativeTarget section */
		24486EE425E4A8AA00BFCD48 /* NewsAppMVVM */ = {
			isa = PBXNativeTarget;
			buildConfigurationList = 24486EF925E4A8AD00BFCD48 /* Build configuration list for PBXNativeTarget "NewsAppMVVM" */;
			buildPhases = (
				24486EE125E4A8AA00BFCD48 /* Sources */,
				24486EE225E4A8AA00BFCD48 /* Frameworks */,
				24486EE325E4A8AA00BFCD48 /* Resources */,
			);
			buildRules = (
			);
			dependencies = (
			);
			name = NewsAppMVVM;
			productName = NewsAppMVVM;
			productReference = 24486EE525E4A8AA00BFCD48 /* NewsAppMVVM.app */;
			productType = "com.apple.product-type.application";
		};
/* End PBXNativeTarget section */

/* Begin PBXProject section */
		24486EDD25E4A8AA00BFCD48 /* Project object */ = {
			isa = PBXProject;
			attributes = {
				LastSwiftUpdateCheck = 1240;
				LastUpgradeCheck = 1240;
				TargetAttributes = {
					24486EE425E4A8AA00BFCD48 = {
						CreatedOnToolsVersion = 12.4;
					};
				};
			};
			buildConfigurationList = 24486EE025E4A8AA00BFCD48 /* Build configuration list for PBXProject "NewsAppMVVM" */;
			compatibilityVersion = "Xcode 9.3";
			developmentRegion = en;
			hasScannedForEncodings = 0;
			knownRegions = (
				en,
				Base,
			);
			mainGroup = 24486EDC25E4A8AA00BFCD48;
			productRefGroup = 24486EE625E4A8AA00BFCD48 /* Products */;
			projectDirPath = "";
			projectRoot = "";
			targets = (
				24486EE425E4A8AA00BFCD48 /* NewsAppMVVM */,
			);
		};
/* End PBXProject section */

/* Begin PBXResourcesBuildPhase section */
		24486EE325E4A8AA00BFCD48 /* Resources */ = {
			isa = PBXResourcesBuildPhase;
			buildActionMask = 2147483647;
			files = (
				24486EF525E4A8AD00BFCD48 /* LaunchScreen.storyboard in Resources */,
				24486EF225E4A8AD00BFCD48 /* Assets.xcassets in Resources */,
				24486EF025E4A8AA00BFCD48 /* Main.storyboard in Resources */,
			);
			runOnlyForDeploymentPostprocessing = 0;
		};
/* End PBXResourcesBuildPhase section */

/* Begin PBXSourcesBuildPhase section */
		24486EE125E4A8AA00BFCD48 /* Sources */ = {
			isa = PBXSourcesBuildPhase;
			buildActionMask = 2147483647;
			files = (
				24486F0125E4ACE000BFCD48 /* NewsListViewController.swift in Sources */,
				24486EE925E4A8AA00BFCD48 /* AppDelegate.swift in Sources */,
				24486F0825E4B71100BFCD48 /* WebService.swift in Sources */,
				24486EEB25E4A8AA00BFCD48 /* SceneDelegate.swift in Sources */,
				24486F0C25E4C07200BFCD48 /* Article.swift in Sources */,
			);
			runOnlyForDeploymentPostprocessing = 0;
		};
/* End PBXSourcesBuildPhase section */

/* Begin PBXVariantGroup section */
		24486EEE25E4A8AA00BFCD48 /* Main.storyboard */ = {
			isa = PBXVariantGroup;
			children = (
				24486EEF25E4A8AA00BFCD48 /* Base */,
			);
			name = Main.storyboard;
			sourceTree = "<group>";
		};
		24486EF325E4A8AD00BFCD48 /* LaunchScreen.storyboard */ = {
			isa = PBXVariantGroup;
			children = (
				24486EF425E4A8AD00BFCD48 /* Base */,
			);
			name = LaunchScreen.storyboard;
			sourceTree = "<group>";
		};
/* End PBXVariantGroup section */

/* Begin XCBuildConfiguration section */
		24486EF725E4A8AD00BFCD48 /* Debug */ = {
			isa = XCBuildConfiguration;
			buildSettings = {
				ALWAYS_SEARCH_USER_PATHS = NO;
				CLANG_ANALYZER_NONNULL = YES;
				CLANG_ANALYZER_NUMBER_OBJECT_CONVERSION = YES_AGGRESSIVE;
				CLANG_CXX_LANGUAGE_STANDARD = "gnu++14";
				CLANG_CXX_LIBRARY = "libc++";
				CLANG_ENABLE_MODULES = YES;
				CLANG_ENABLE_OBJC_ARC = YES;
				CLANG_ENABLE_OBJC_WEAK = YES;
				CLANG_WARN_BLOCK_CAPTURE_AUTORELEASING = YES;
				CLANG_WARN_BOOL_CONVERSION = YES;
				CLANG_WARN_COMMA = YES;
				CLANG_WARN_CONSTANT_CONVERSION = YES;
				CLANG_WARN_DEPRECATED_OBJC_IMPLEMENTATIONS = YES;
				CLANG_WARN_DIRECT_OBJC_ISA_USAGE = YES_ERROR;
				CLANG_WARN_DOCUMENTATION_COMMENTS = YES;
				CLANG_WARN_EMPTY_BODY = YES;
				CLANG_WARN_ENUM_CONVERSION = YES;
				CLANG_WARN_INFINITE_RECURSION = YES;
				CLANG_WARN_INT_CONVERSION = YES;
				CLANG_WARN_NON_LITERAL_NULL_CONVERSION = YES;
				CLANG_WARN_OBJC_IMPLICIT_RETAIN_SELF = YES;
				CLANG_WARN_OBJC_LITERAL_CONVERSION = YES;
				CLANG_WARN_OBJC_ROOT_CLASS = YES_ERROR;
				CLANG_WARN_QUOTED_INCLUDE_IN_FRAMEWORK_HEADER = YES;
				CLANG_WARN_RANGE_LOOP_ANALYSIS = YES;
				CLANG_WARN_STRICT_PROTOTYPES = YES;
				CLANG_WARN_SUSPICIOUS_MOVE = YES;
				CLANG_WARN_UNGUARDED_AVAILABILITY = YES_AGGRESSIVE;
				CLANG_WARN_UNREACHABLE_CODE = YES;
				CLANG_WARN__DUPLICATE_METHOD_MATCH = YES;
				COPY_PHASE_STRIP = NO;
				DEBUG_INFORMATION_FORMAT = dwarf;
				ENABLE_STRICT_OBJC_MSGSEND = YES;
				ENABLE_TESTABILITY = YES;
				GCC_C_LANGUAGE_STANDARD = gnu11;
				GCC_DYNAMIC_NO_PIC = NO;
				GCC_NO_COMMON_BLOCKS = YES;
				GCC_OPTIMIZATION_LEVEL = 0;
				GCC_PREPROCESSOR_DEFINITIONS = (
					"DEBUG=1",
					"$(inherited)",
				);
				GCC_WARN_64_TO_32_BIT_CONVERSION = YES;
				GCC_WARN_ABOUT_RETURN_TYPE = YES_ERROR;
				GCC_WARN_UNDECLARED_SELECTOR = YES;
				GCC_WARN_UNINITIALIZED_AUTOS = YES_AGGRESSIVE;
				GCC_WARN_UNUSED_FUNCTION = YES;
				GCC_WARN_UNUSED_VARIABLE = YES;
				IPHONEOS_DEPLOYMENT_TARGET = 14.4;
				MTL_ENABLE_DEBUG_INFO = INCLUDE_SOURCE;
				MTL_FAST_MATH = YES;
				ONLY_ACTIVE_ARCH = YES;
				SDKROOT = iphoneos;
				SWIFT_ACTIVE_COMPILATION_CONDITIONS = DEBUG;
				SWIFT_OPTIMIZATION_LEVEL = "-Onone";
			};
			name = Debug;
		};
		24486EF825E4A8AD00BFCD48 /* Release */ = {
			isa = XCBuildConfiguration;
			buildSettings = {
				ALWAYS_SEARCH_USER_PATHS = NO;
				CLANG_ANALYZER_NONNULL = YES;
				CLANG_ANALYZER_NUMBER_OBJECT_CONVERSION = YES_AGGRESSIVE;
				CLANG_CXX_LANGUAGE_STANDARD = "gnu++14";
				CLANG_CXX_LIBRARY = "libc++";
				CLANG_ENABLE_MODULES = YES;
				CLANG_ENABLE_OBJC_ARC = YES;
				CLANG_ENABLE_OBJC_WEAK = YES;
				CLANG_WARN_BLOCK_CAPTURE_AUTORELEASING = YES;
				CLANG_WARN_BOOL_CONVERSION = YES;
				CLANG_WARN_COMMA = YES;
				CLANG_WARN_CONSTANT_CONVERSION = YES;
				CLANG_WARN_DEPRECATED_OBJC_IMPLEMENTATIONS = YES;
				CLANG_WARN_DIRECT_OBJC_ISA_USAGE = YES_ERROR;
				CLANG_WARN_DOCUMENTATION_COMMENTS = YES;
				CLANG_WARN_EMPTY_BODY = YES;
				CLANG_WARN_ENUM_CONVERSION = YES;
				CLANG_WARN_INFINITE_RECURSION = YES;
				CLANG_WARN_INT_CONVERSION = YES;
				CLANG_WARN_NON_LITERAL_NULL_CONVERSION = YES;
				CLANG_WARN_OBJC_IMPLICIT_RETAIN_SELF = YES;
				CLANG_WARN_OBJC_LITERAL_CONVERSION = YES;
				CLANG_WARN_OBJC_ROOT_CLASS = YES_ERROR;
				CLANG_WARN_QUOTED_INCLUDE_IN_FRAMEWORK_HEADER = YES;
				CLANG_WARN_RANGE_LOOP_ANALYSIS = YES;
				CLANG_WARN_STRICT_PROTOTYPES = YES;
				CLANG_WARN_SUSPICIOUS_MOVE = YES;
				CLANG_WARN_UNGUARDED_AVAILABILITY = YES_AGGRESSIVE;
				CLANG_WARN_UNREACHABLE_CODE = YES;
				CLANG_WARN__DUPLICATE_METHOD_MATCH = YES;
				COPY_PHASE_STRIP = NO;
				DEBUG_INFORMATION_FORMAT = "dwarf-with-dsym";
				ENABLE_NS_ASSERTIONS = NO;
				ENABLE_STRICT_OBJC_MSGSEND = YES;
				GCC_C_LANGUAGE_STANDARD = gnu11;
				GCC_NO_COMMON_BLOCKS = YES;
				GCC_WARN_64_TO_32_BIT_CONVERSION = YES;
				GCC_WARN_ABOUT_RETURN_TYPE = YES_ERROR;
				GCC_WARN_UNDECLARED_SELECTOR = YES;
				GCC_WARN_UNINITIALIZED_AUTOS = YES_AGGRESSIVE;
				GCC_WARN_UNUSED_FUNCTION = YES;
				GCC_WARN_UNUSED_VARIABLE = YES;
				IPHONEOS_DEPLOYMENT_TARGET = 14.4;
				MTL_ENABLE_DEBUG_INFO = NO;
				MTL_FAST_MATH = YES;
				SDKROOT = iphoneos;
				SWIFT_COMPILATION_MODE = wholemodule;
				SWIFT_OPTIMIZATION_LEVEL = "-O";
				VALIDATE_PRODUCT = YES;
			};
			name = Release;
		};
		24486EFA25E4A8AD00BFCD48 /* Debug */ = {
			isa = XCBuildConfiguration;
			buildSettings = {
				ASSETCATALOG_COMPILER_APPICON_NAME = AppIcon;
				ASSETCATALOG_COMPILER_GLOBAL_ACCENT_COLOR_NAME = AccentColor;
				CODE_SIGN_STYLE = Automatic;
				DEVELOPMENT_TEAM = J92WU9K2W5;
				INFOPLIST_FILE = NewsAppMVVM/Info.plist;
				LD_RUNPATH_SEARCH_PATHS = (
					"$(inherited)",
					"@executable_path/Frameworks",
				);
				PRODUCT_BUNDLE_IDENTIFIER = AshishNewsApp.NewsAppMVVM;
				PRODUCT_NAME = "$(TARGET_NAME)";
				SWIFT_VERSION = 5.0;
				TARGETED_DEVICE_FAMILY = "1,2";
			};
			name = Debug;
		};
		24486EFB25E4A8AD00BFCD48 /* Release */ = {
			isa = XCBuildConfiguration;
			buildSettings = {
				ASSETCATALOG_COMPILER_APPICON_NAME = AppIcon;
				ASSETCATALOG_COMPILER_GLOBAL_ACCENT_COLOR_NAME = AccentColor;
				CODE_SIGN_STYLE = Automatic;
				DEVELOPMENT_TEAM = J92WU9K2W5;
				INFOPLIST_FILE = NewsAppMVVM/Info.plist;
				LD_RUNPATH_SEARCH_PATHS = (
					"$(inherited)",
					"@executable_path/Frameworks",
				);
				PRODUCT_BUNDLE_IDENTIFIER = AshishNewsApp.NewsAppMVVM;
				PRODUCT_NAME = "$(TARGET_NAME)";
				SWIFT_VERSION = 5.0;
				TARGETED_DEVICE_FAMILY = "1,2";
			};
			name = Release;
		};
/* End XCBuildConfiguration section */

/* Begin XCConfigurationList section */
		24486EE025E4A8AA00BFCD48 /* Build configuration list for PBXProject "NewsAppMVVM" */ = {
			isa = XCConfigurationList;
			buildConfigurations = (
				24486EF725E4A8AD00BFCD48 /* Debug */,
				24486EF825E4A8AD00BFCD48 /* Release */,
			);
			defaultConfigurationIsVisible = 0;
			defaultConfigurationName = Release;
		};
		24486EF925E4A8AD00BFCD48 /* Build configuration list for PBXNativeTarget "NewsAppMVVM" */ = {
			isa = XCConfigurationList;
			buildConfigurations = (
				24486EFA25E4A8AD00BFCD48 /* Debug */,
				24486EFB25E4A8AD00BFCD48 /* Release */,
			);
			defaultConfigurationIsVisible = 0;
			defaultConfigurationName = Release;
		};
/* End XCConfigurationList section */
	};
	rootObject = 24486EDD25E4A8AA00BFCD48 /* Project object */;
}
